
Microsoft Visual Studio Solution File, Format Version 12.00
# Visual Studio Version 17
VisualStudioVersion = 17.4.33103.184
MinimumVisualStudioVersion = 10.0.40219.1
Project("{FAE04EC0-301F-11D3-BF4B-00C04F79EFBC}") = "TodoApi", "TodoApi.csproj", "{908B5463-EB9D-40F4-B318-279850D5B381}"
EndProject
Global
	GlobalSection(SolutionConfigurationPlatforms) = preSolution
		Debug|Any CPU = Debug|Any CPU
		Release|Any CPU = Release|Any CPU
	EndGlobalSection
	GlobalSection(ProjectConfigurationPlatforms) = postSolution
		{908B5463-EB9D-40F4-B318-279850D5B381}.Debug|Any CPU.ActiveCfg = Debug|Any CPU
		{908B5463-EB9D-40F4-B318-279850D5B381}.Debug|Any CPU.Build.0 = Debug|Any CPU
		{908B5463-EB9D-40F4-B318-279850D5B381}.Release|Any CPU.ActiveCfg = Release|Any CPU
		{908B5463-EB9D-40F4-B318-279850D5B381}.Release|Any CPU.Build.0 = Release|Any CPU
	EndGlobalSection
	GlobalSection(SolutionProperties) = preSolution
		HideSolutionNode = FALSE
	EndGlobalSection
	GlobalSection(ExtensibilityGlobals) = postSolution
		SolutionGuid = {54FD7217-4B4C-4EB0-AB6F-B0636330F6CE}
	EndGlobalSection
EndGlobal
